{
  "name": "webwriter",
  "version": "1.0.0",
  "lockfileVersion": 2,
  "requires": true,
  "packages": {
    "": {
      "name": "webwriter",
      "version": "1.0.0",
      "license": "ISC",
      "dependencies": {
        "@shoelace-style/shoelace": "^2.0.0-beta.73",
        "@xstate/immer": "^0.3.1",
        "lit": "^2.2.2",
        "prosemirror-commands": "^1.2.2",
        "prosemirror-keymap": "^1.1.5",
        "prosemirror-state": "^1.3.4",
        "prosemirror-view": "^1.23.12",
        "sortablejs": "^1.15.0",
        "xstate": "^4.31.0"
      },
      "devDependencies": {
        "@types/prosemirror-commands": "^1.0.4",
        "@types/prosemirror-keymap": "^1.0.4",
        "@types/prosemirror-state": "^1.2.8",
        "@types/prosemirror-view": "^1.23.1"
      }
    },
    "node_modules/@floating-ui/core": {
      "version": "0.5.1",
      "resolved": "https://registry.npmjs.org/@floating-ui/core/-/core-0.5.1.tgz",
      "integrity": "sha512-LOFg65vdU4o4eZjVKNhu7VXbjdnY0amMw9sydLtKZiCNwj0eMD06rmktbWp9L/f6w6s9Qqe22lkks8PbwYwy4Q=="
    },
    "node_modules/@floating-ui/dom": {
      "version": "0.3.1",
      "resolved": "https://registry.npmjs.org/@floating-ui/dom/-/dom-0.3.1.tgz",
      "integrity": "sha512-HJX/2xgGPt01YHQNAya2taqg5HDnY6ipF0B0Bk/Th2s4FD9R89Ecw3TEegLLO+VrQnPEGbuHOGJ6Fr3BPM0DYg==",
      "dependencies": {
        "@floating-ui/core": "^0.5.0"
      }
    },
    "node_modules/@lit-labs/react": {
      "version": "1.0.4",
      "resolved": "https://registry.npmjs.org/@lit-labs/react/-/react-1.0.4.tgz",
      "integrity": "sha512-Sy4RCxTZpTE2TwByjVac6gC7jzr8bCQC6s9bJhhJDKos4ZlN2cqcuVz63n0mpSSr1zxFh+Z0o0VR223l36Y4Ag=="
    },
    "node_modules/@lit/reactive-element": {
      "version": "1.3.1",
      "resolved": "https://registry.npmjs.org/@lit/reactive-element/-/reactive-element-1.3.1.tgz",
      "integrity": "sha512-nOJARIr3pReqK3hfFCSW2Zg/kFcFsSAlIE7z4a0C9D2dPrgD/YSn3ZP2ET/rxKB65SXyG7jJbkynBRm+tGlacw=="
    },
    "node_modules/@shoelace-style/animations": {
      "version": "1.1.0",
      "resolved": "https://registry.npmjs.org/@shoelace-style/animations/-/animations-1.1.0.tgz",
      "integrity": "sha512-Be+cahtZyI2dPKRm8EZSx3YJQ+jLvEcn3xzRP7tM4tqBnvd/eW/64Xh0iOf0t2w5P8iJKfdBbpVNE9naCaOf2g==",
      "funding": {
        "type": "individual",
        "url": "https://github.com/sponsors/claviska"
      }
    },
    "node_modules/@shoelace-style/localize": {
      "version": "2.1.3",
      "resolved": "https://registry.npmjs.org/@shoelace-style/localize/-/localize-2.1.3.tgz",
      "integrity": "sha512-AY3uF1Dzg3sBK4nKxvZ2KAjsdFxhLfHVWUpXXjIPaR+rPp8fxBWoNVvnLiROOV/cLg/zdLcU+Nn/xJdqcbEuDw=="
    },
    "node_modules/@shoelace-style/shoelace": {
      "version": "2.0.0-beta.73",
      "resolved": "https://registry.npmjs.org/@shoelace-style/shoelace/-/shoelace-2.0.0-beta.73.tgz",
      "integrity": "sha512-sOKRy+uimJAQDc8DCA65YihGUSUf0YVUC80KbvEY8RZHtP4gPX/Bzw7v/RPEGNLlPEOXAcqMNlKoLFPTqDuKbg==",
      "dependencies": {
        "@floating-ui/dom": "^0.3.1",
        "@lit-labs/react": "^1.0.2",
        "@shoelace-style/animations": "^1.1.0",
        "@shoelace-style/localize": "^2.1.3",
        "color": "4.2",
        "lit": "^2.1.4",
        "qr-creator": "^1.0.0"
      },
      "engines": {
        "node": ">=14.17.0"
      },
      "funding": {
        "type": "individual",
        "url": "https://github.com/sponsors/claviska"
      }
    },
    "node_modules/@types/orderedmap": {
      "version": "1.0.0",
      "resolved": "https://registry.npmjs.org/@types/orderedmap/-/orderedmap-1.0.0.tgz",
      "integrity": "sha512-dxKo80TqYx3YtBipHwA/SdFmMMyLCnP+5mkEqN0eMjcTBzHkiiX0ES118DsjDBjvD+zeSsSU9jULTZ+frog+Gw==",
      "dev": true
    },
    "node_modules/@types/prosemirror-commands": {
      "version": "1.0.4",
      "resolved": "https://registry.npmjs.org/@types/prosemirror-commands/-/prosemirror-commands-1.0.4.tgz",
      "integrity": "sha512-utDNYB3EXLjAfYIcRWJe6pn3kcQ5kG4RijbT/0Y/TFOm6yhvYS/D9eJVnijdg9LDjykapcezchxGRqFD5LcyaQ==",
      "dev": true,
      "dependencies": {
        "@types/prosemirror-model": "*",
        "@types/prosemirror-state": "*",
        "@types/prosemirror-view": "*"
      }
    },
    "node_modules/@types/prosemirror-keymap": {
      "version": "1.0.4",
      "resolved": "https://registry.npmjs.org/@types/prosemirror-keymap/-/prosemirror-keymap-1.0.4.tgz",
      "integrity": "sha512-ycevwkqUh+jEQtPwqO7sWGcm+Sybmhu8MpBsM8DlO3+YTKnXbKA6SDz/+q14q1wK3UA8lHJyfR+v+GPxfUSemg==",
      "dev": true,
      "dependencies": {
        "@types/prosemirror-commands": "*",
        "@types/prosemirror-model": "*",
        "@types/prosemirror-state": "*",
        "@types/prosemirror-view": "*"
      }
    },
    "node_modules/@types/prosemirror-model": {
      "version": "1.16.1",
      "resolved": "https://registry.npmjs.org/@types/prosemirror-model/-/prosemirror-model-1.16.1.tgz",
      "integrity": "sha512-SrrCe2cHlYrQ9o55e2i/c3wt1yRajTTpRLvzfmB+2DWjWEbBLTByVWyjrdpKtQTxAaTeU2aeDGo1iuwl/jF27w==",
      "dev": true,
      "dependencies": {
        "@types/orderedmap": "*"
      }
    },
    "node_modules/@types/prosemirror-state": {
      "version": "1.2.8",
      "resolved": "https://registry.npmjs.org/@types/prosemirror-state/-/prosemirror-state-1.2.8.tgz",
      "integrity": "sha512-mq9uyQWcpu8jeamO6Callrdvf/e1H/aRLR2kZWSpZrPHctEsxWHBbluD/wqVjXBRIOoMHLf6ZvOkrkmGLoCHVA==",
      "dev": true,
      "dependencies": {
        "@types/prosemirror-model": "*",
        "@types/prosemirror-transform": "*",
        "@types/prosemirror-view": "*"
      }
    },
    "node_modules/@types/prosemirror-transform": {
      "version": "1.1.6",
      "resolved": "https://registry.npmjs.org/@types/prosemirror-transform/-/prosemirror-transform-1.1.6.tgz",
      "integrity": "sha512-7HwXOWc5vZQqIfEUUVAz13lPgBqAWJTv89qEpzAtBFB6hOszFmhsvQ02Jqe2LvKauAoJDa3Qpv/dbJAmgyiTuQ==",
      "dev": true,
      "dependencies": {
        "@types/prosemirror-model": "*"
      }
    },
    "node_modules/@types/prosemirror-view": {
      "version": "1.23.1",
      "resolved": "https://registry.npmjs.org/@types/prosemirror-view/-/prosemirror-view-1.23.1.tgz",
      "integrity": "sha512-6e1B2oKUnhmZPUrsVvYjDqeVjE6jGezygjtoHsAK4ZENAxHzHqy5NT4jUvdPTWjCYeH0t2Y7pSfRPNrPIyQX4A==",
      "dev": true,
      "dependencies": {
        "@types/prosemirror-model": "*",
        "@types/prosemirror-state": "*",
        "@types/prosemirror-transform": "*"
      }
    },
    "node_modules/@types/trusted-types": {
      "version": "2.0.2",
      "resolved": "https://registry.npmjs.org/@types/trusted-types/-/trusted-types-2.0.2.tgz",
      "integrity": "sha512-F5DIZ36YVLE+PN+Zwws4kJogq47hNgX3Nx6WyDJ3kcplxyke3XIzB8uK5n/Lpm1HBsbGzd6nmGehL8cPekP+Tg=="
    },
    "node_modules/@xstate/immer": {
      "version": "0.3.1",
      "resolved": "https://registry.npmjs.org/@xstate/immer/-/immer-0.3.1.tgz",
      "integrity": "sha512-YE+KY08IjEEmXo6XKKpeSGW4j9LfcXw+5JVixLLUO3fWQ3M95joWJ40VtGzx0w0zQSzoCNk8NgfvwWBGSbIaTA==",
      "peerDependencies": {
        "immer": "^9.0.6",
        "xstate": "^4.29.0"
      }
    },
    "node_modules/color": {
      "version": "4.2.3",
      "resolved": "https://registry.npmjs.org/color/-/color-4.2.3.tgz",
      "integrity": "sha512-1rXeuUUiGGrykh+CeBdu5Ie7OJwinCgQY0bc7GCRxy5xVHy+moaqkpL/jqQq0MtQOeYcrqEz4abc5f0KtU7W4A==",
      "dependencies": {
        "color-convert": "^2.0.1",
        "color-string": "^1.9.0"
      },
      "engines": {
        "node": ">=12.5.0"
      }
    },
    "node_modules/color-convert": {
      "version": "2.0.1",
      "resolved": "https://registry.npmjs.org/color-convert/-/color-convert-2.0.1.tgz",
      "integrity": "sha512-RRECPsj7iu/xb5oKYcsFHSppFNnsj/52OVTRKb4zP5onXwVF3zVmmToNcOfGC+CRDpfK/U584fMg38ZHCaElKQ==",
      "dependencies": {
        "color-name": "~1.1.4"
      },
      "engines": {
        "node": ">=7.0.0"
      }
    },
    "node_modules/color-name": {
      "version": "1.1.4",
      "resolved": "https://registry.npmjs.org/color-name/-/color-name-1.1.4.tgz",
      "integrity": "sha512-dOy+3AuW3a2wNbZHIuMZpTcgjGuLU/uBL/ubcZF9OXbDo8ff4O8yVp5Bf0efS8uEoYo5q4Fx7dY9OgQGXgAsQA=="
    },
    "node_modules/color-string": {
      "version": "1.9.0",
      "resolved": "https://registry.npmjs.org/color-string/-/color-string-1.9.0.tgz",
      "integrity": "sha512-9Mrz2AQLefkH1UvASKj6v6hj/7eWgjnT/cVsR8CumieLoT+g900exWeNogqtweI8dxloXN9BDQTYro1oWu/5CQ==",
      "dependencies": {
        "color-name": "^1.0.0",
        "simple-swizzle": "^0.2.2"
      }
    },
    "node_modules/immer": {
      "version": "9.0.12",
      "resolved": "https://registry.npmjs.org/immer/-/immer-9.0.12.tgz",
      "integrity": "sha512-lk7UNmSbAukB5B6dh9fnh5D0bJTOFKxVg2cyJWTYrWRfhLrLMBquONcUs3aFq507hNoIZEDDh8lb8UtOizSMhA==",
      "peer": true,
      "funding": {
        "type": "opencollective",
        "url": "https://opencollective.com/immer"
      }
    },
    "node_modules/is-arrayish": {
      "version": "0.3.2",
      "resolved": "https://registry.npmjs.org/is-arrayish/-/is-arrayish-0.3.2.tgz",
      "integrity": "sha512-eVRqCvVlZbuw3GrM63ovNSNAeA1K16kaR/LRY/92w0zxQ5/1YzwblUX652i4Xs9RwAGjW9d9y6X88t8OaAJfWQ=="
    },
    "node_modules/lit": {
      "version": "2.2.2",
      "resolved": "https://registry.npmjs.org/lit/-/lit-2.2.2.tgz",
      "integrity": "sha512-eN3+2QRHn/erxYB88AXiiRgQA6RltE9MhzySCwX+ACOxA/MLWN3VdXvcbZD9PN09zmUwlgzDvW3T84YWj2Sa0A==",
      "dependencies": {
        "@lit/reactive-element": "^1.3.0",
        "lit-element": "^3.2.0",
        "lit-html": "^2.2.0"
      }
    },
    "node_modules/lit-element": {
      "version": "3.2.0",
      "resolved": "https://registry.npmjs.org/lit-element/-/lit-element-3.2.0.tgz",
      "integrity": "sha512-HbE7yt2SnUtg5DCrWt028oaU4D5F4k/1cntAFHTkzY8ZIa8N0Wmu92PxSxucsQSOXlODFrICkQ5x/tEshKi13g==",
      "dependencies": {
        "@lit/reactive-element": "^1.3.0",
        "lit-html": "^2.2.0"
      }
    },
    "node_modules/lit-html": {
      "version": "2.2.2",
      "resolved": "https://registry.npmjs.org/lit-html/-/lit-html-2.2.2.tgz",
      "integrity": "sha512-cJofCRXuizwyaiGt9pJjJOcauezUlSB6t87VBXsPwRhbzF29MgD8GH6fZ0BuZdXAAC02IRONZBd//VPUuU8QbQ==",
      "dependencies": {
        "@types/trusted-types": "^2.0.2"
      }
    },
    "node_modules/orderedmap": {
      "version": "1.1.5",
      "resolved": "https://registry.npmjs.org/orderedmap/-/orderedmap-1.1.5.tgz",
      "integrity": "sha512-/fzlCGKRmfayGoI9UUXvJfc2nMZlJHW30QqEvwPvlg8tsX7jyiUSomYie6mYqx7Z9bOMGoag0H/q1PS/0PjYkg=="
    },
    "node_modules/prosemirror-commands": {
      "version": "1.2.2",
      "resolved": "https://registry.npmjs.org/prosemirror-commands/-/prosemirror-commands-1.2.2.tgz",
      "integrity": "sha512-TX+KpWudMon06frryfpO/u7hsQv2hu8L4VSVbCpi3/7wXHBgl+35mV85qfa3RpT8xD2f3MdeoTqH0vy5JdbXPg==",
      "dependencies": {
        "prosemirror-model": "^1.0.0",
        "prosemirror-state": "^1.0.0",
        "prosemirror-transform": "^1.0.0"
      }
    },
    "node_modules/prosemirror-keymap": {
      "version": "1.1.5",
      "resolved": "https://registry.npmjs.org/prosemirror-keymap/-/prosemirror-keymap-1.1.5.tgz",
      "integrity": "sha512-8SZgPH3K+GLsHL2wKuwBD9rxhsbnVBTwpHCO4VUO5GmqUQlxd/2GtBVWTsyLq4Dp3N9nGgPd3+lZFKUDuVp+Vw==",
      "dependencies": {
        "prosemirror-state": "^1.0.0",
        "w3c-keyname": "^2.2.0"
      }
    },
    "node_modules/prosemirror-model": {
      "version": "1.16.1",
      "resolved": "https://registry.npmjs.org/prosemirror-model/-/prosemirror-model-1.16.1.tgz",
      "integrity": "sha512-r1/w0HDU40TtkXp0DyKBnFPYwd8FSlUSJmGCGFv4DeynfeSlyQF2FD0RQbVEMOe6P3PpUSXM6LZBV7W/YNZ4mA==",
      "dependencies": {
        "orderedmap": "^1.1.0"
      }
    },
    "node_modules/prosemirror-state": {
      "version": "1.3.4",
      "resolved": "https://registry.npmjs.org/prosemirror-state/-/prosemirror-state-1.3.4.tgz",
      "integrity": "sha512-Xkkrpd1y/TQ6HKzN3agsQIGRcLckUMA9u3j207L04mt8ToRgpGeyhbVv0HI7omDORIBHjR29b7AwlATFFf2GLA==",
      "dependencies": {
        "prosemirror-model": "^1.0.0",
        "prosemirror-transform": "^1.0.0"
      }
    },
    "node_modules/prosemirror-transform": {
      "version": "1.4.2",
      "resolved": "https://registry.npmjs.org/prosemirror-transform/-/prosemirror-transform-1.4.2.tgz",
      "integrity": "sha512-bcIsf3uRZhfab0xRfyyxOEh6eqSszq/hJbDbmUumFnbHBoWhB/uXbpz6vvUxfk0XiEvrZDJ+5pXRrNDc1Hu3vQ==",
      "dependencies": {
        "prosemirror-model": "^1.0.0"
      }
    },
    "node_modules/prosemirror-view": {
      "version": "1.23.12",
      "resolved": "https://registry.npmjs.org/prosemirror-view/-/prosemirror-view-1.23.12.tgz",
      "integrity": "sha512-uvw9ZVz5dNDD9w1bzHkU2r4NWFlpFz85v9rCD8NAhQBau6LYhwM/crjry+C4JgeR8gy6pMXS5eJ1zhNLcK4ctQ==",
      "dependencies": {
        "prosemirror-model": "^1.16.0",
        "prosemirror-state": "^1.0.0",
        "prosemirror-transform": "^1.1.0"
      }
    },
    "node_modules/qr-creator": {
      "version": "1.0.0",
      "resolved": "https://registry.npmjs.org/qr-creator/-/qr-creator-1.0.0.tgz",
      "integrity": "sha512-C0cqfbS1P5hfqN4NhsYsUXePlk9BO+a45bAQ3xLYjBL3bOIFzoVEjs79Fado9u9BPBD3buHi3+vY+C8tHh4qMQ=="
    },
    "node_modules/simple-swizzle": {
      "version": "0.2.2",
      "resolved": "https://registry.npmjs.org/simple-swizzle/-/simple-swizzle-0.2.2.tgz",
      "integrity": "sha1-pNprY1/8zMoz9w0Xy5JZLeleVXo=",
      "dependencies": {
        "is-arrayish": "^0.3.1"
      }
    },
    "node_modules/sortablejs": {
      "version": "1.15.0",
      "resolved": "https://registry.npmjs.org/sortablejs/-/sortablejs-1.15.0.tgz",
      "integrity": "sha512-bv9qgVMjUMf89wAvM6AxVvS/4MX3sPeN0+agqShejLU5z5GX4C75ow1O2e5k4L6XItUyAK3gH6AxSbXrOM5e8w=="
    },
    "node_modules/w3c-keyname": {
      "version": "2.2.4",
      "resolved": "https://registry.npmjs.org/w3c-keyname/-/w3c-keyname-2.2.4.tgz",
      "integrity": "sha512-tOhfEwEzFLJzf6d1ZPkYfGj+FWhIpBux9ppoP3rlclw3Z0BZv3N7b7030Z1kYth+6rDuAsXUFr+d0VE6Ed1ikw=="
    },
    "node_modules/xstate": {
      "version": "4.31.0",
      "resolved": "https://registry.npmjs.org/xstate/-/xstate-4.31.0.tgz",
      "integrity": "sha512-UK5m6OqUsTlPuKWkfRR5cR9/Yt7sysFyEg+PVIbEH9mwHSf9zuCvWO7rRvhBq7T+3pEXLKTEMfaqmLxl9Ob1pw==",
      "funding": {
        "type": "opencollective",
        "url": "https://opencollective.com/xstate"
      }
    }
  },
  "dependencies": {
    "@floating-ui/core": {
      "version": "0.5.1",
      "resolved": "https://registry.npmjs.org/@floating-ui/core/-/core-0.5.1.tgz",
      "integrity": "sha512-LOFg65vdU4o4eZjVKNhu7VXbjdnY0amMw9sydLtKZiCNwj0eMD06rmktbWp9L/f6w6s9Qqe22lkks8PbwYwy4Q=="
    },
    "@floating-ui/dom": {
      "version": "0.3.1",
      "resolved": "https://registry.npmjs.org/@floating-ui/dom/-/dom-0.3.1.tgz",
      "integrity": "sha512-HJX/2xgGPt01YHQNAya2taqg5HDnY6ipF0B0Bk/Th2s4FD9R89Ecw3TEegLLO+VrQnPEGbuHOGJ6Fr3BPM0DYg==",
      "requires": {
        "@floating-ui/core": "^0.5.0"
      }
    },
    "@lit-labs/react": {
      "version": "1.0.4",
      "resolved": "https://registry.npmjs.org/@lit-labs/react/-/react-1.0.4.tgz",
      "integrity": "sha512-Sy4RCxTZpTE2TwByjVac6gC7jzr8bCQC6s9bJhhJDKos4ZlN2cqcuVz63n0mpSSr1zxFh+Z0o0VR223l36Y4Ag=="
    },
    "@lit/reactive-element": {
      "version": "1.3.1",
      "resolved": "https://registry.npmjs.org/@lit/reactive-element/-/reactive-element-1.3.1.tgz",
      "integrity": "sha512-nOJARIr3pReqK3hfFCSW2Zg/kFcFsSAlIE7z4a0C9D2dPrgD/YSn3ZP2ET/rxKB65SXyG7jJbkynBRm+tGlacw=="
    },
    "@shoelace-style/animations": {
      "version": "1.1.0",
      "resolved": "https://registry.npmjs.org/@shoelace-style/animations/-/animations-1.1.0.tgz",
      "integrity": "sha512-Be+cahtZyI2dPKRm8EZSx3YJQ+jLvEcn3xzRP7tM4tqBnvd/eW/64Xh0iOf0t2w5P8iJKfdBbpVNE9naCaOf2g=="
    },
    "@shoelace-style/localize": {
      "version": "2.1.3",
      "resolved": "https://registry.npmjs.org/@shoelace-style/localize/-/localize-2.1.3.tgz",
      "integrity": "sha512-AY3uF1Dzg3sBK4nKxvZ2KAjsdFxhLfHVWUpXXjIPaR+rPp8fxBWoNVvnLiROOV/cLg/zdLcU+Nn/xJdqcbEuDw=="
    },
    "@shoelace-style/shoelace": {
      "version": "2.0.0-beta.73",
      "resolved": "https://registry.npmjs.org/@shoelace-style/shoelace/-/shoelace-2.0.0-beta.73.tgz",
      "integrity": "sha512-sOKRy+uimJAQDc8DCA65YihGUSUf0YVUC80KbvEY8RZHtP4gPX/Bzw7v/RPEGNLlPEOXAcqMNlKoLFPTqDuKbg==",
      "requires": {
        "@floating-ui/dom": "^0.3.1",
        "@lit-labs/react": "^1.0.2",
        "@shoelace-style/animations": "^1.1.0",
        "@shoelace-style/localize": "^2.1.3",
        "color": "4.2",
        "lit": "^2.1.4",
        "qr-creator": "^1.0.0"
      }
    },
    "@types/orderedmap": {
      "version": "1.0.0",
      "resolved": "https://registry.npmjs.org/@types/orderedmap/-/orderedmap-1.0.0.tgz",
      "integrity": "sha512-dxKo80TqYx3YtBipHwA/SdFmMMyLCnP+5mkEqN0eMjcTBzHkiiX0ES118DsjDBjvD+zeSsSU9jULTZ+frog+Gw==",
      "dev": true
    },
    "@types/prosemirror-commands": {
      "version": "1.0.4",
      "resolved": "https://registry.npmjs.org/@types/prosemirror-commands/-/prosemirror-commands-1.0.4.tgz",
      "integrity": "sha512-utDNYB3EXLjAfYIcRWJe6pn3kcQ5kG4RijbT/0Y/TFOm6yhvYS/D9eJVnijdg9LDjykapcezchxGRqFD5LcyaQ==",
      "dev": true,
      "requires": {
        "@types/prosemirror-model": "*",
        "@types/prosemirror-state": "*",
        "@types/prosemirror-view": "*"
      }
    },
    "@types/prosemirror-keymap": {
      "version": "1.0.4",
      "resolved": "https://registry.npmjs.org/@types/prosemirror-keymap/-/prosemirror-keymap-1.0.4.tgz",
      "integrity": "sha512-ycevwkqUh+jEQtPwqO7sWGcm+Sybmhu8MpBsM8DlO3+YTKnXbKA6SDz/+q14q1wK3UA8lHJyfR+v+GPxfUSemg==",
      "dev": true,
      "requires": {
        "@types/prosemirror-commands": "*",
        "@types/prosemirror-model": "*",
        "@types/prosemirror-state": "*",
        "@types/prosemirror-view": "*"
      }
    },
    "@types/prosemirror-model": {
      "version": "1.16.1",
      "resolved": "https://registry.npmjs.org/@types/prosemirror-model/-/prosemirror-model-1.16.1.tgz",
      "integrity": "sha512-SrrCe2cHlYrQ9o55e2i/c3wt1yRajTTpRLvzfmB+2DWjWEbBLTByVWyjrdpKtQTxAaTeU2aeDGo1iuwl/jF27w==",
      "dev": true,
      "requires": {
        "@types/orderedmap": "*"
      }
    },
    "@types/prosemirror-state": {
      "version": "1.2.8",
      "resolved": "https://registry.npmjs.org/@types/prosemirror-state/-/prosemirror-state-1.2.8.tgz",
      "integrity": "sha512-mq9uyQWcpu8jeamO6Callrdvf/e1H/aRLR2kZWSpZrPHctEsxWHBbluD/wqVjXBRIOoMHLf6ZvOkrkmGLoCHVA==",
      "dev": true,
      "requires": {
        "@types/prosemirror-model": "*",
        "@types/prosemirror-transform": "*",
        "@types/prosemirror-view": "*"
      }
    },
    "@types/prosemirror-transform": {
      "version": "1.1.6",
      "resolved": "https://registry.npmjs.org/@types/prosemirror-transform/-/prosemirror-transform-1.1.6.tgz",
      "integrity": "sha512-7HwXOWc5vZQqIfEUUVAz13lPgBqAWJTv89qEpzAtBFB6hOszFmhsvQ02Jqe2LvKauAoJDa3Qpv/dbJAmgyiTuQ==",
      "dev": true,
      "requires": {
        "@types/prosemirror-model": "*"
      }
    },
    "@types/prosemirror-view": {
      "version": "1.23.1",
      "resolved": "https://registry.npmjs.org/@types/prosemirror-view/-/prosemirror-view-1.23.1.tgz",
      "integrity": "sha512-6e1B2oKUnhmZPUrsVvYjDqeVjE6jGezygjtoHsAK4ZENAxHzHqy5NT4jUvdPTWjCYeH0t2Y7pSfRPNrPIyQX4A==",
      "dev": true,
      "requires": {
        "@types/prosemirror-model": "*",
        "@types/prosemirror-state": "*",
        "@types/prosemirror-transform": "*"
      }
    },
    "@types/trusted-types": {
      "version": "2.0.2",
      "resolved": "https://registry.npmjs.org/@types/trusted-types/-/trusted-types-2.0.2.tgz",
      "integrity": "sha512-F5DIZ36YVLE+PN+Zwws4kJogq47hNgX3Nx6WyDJ3kcplxyke3XIzB8uK5n/Lpm1HBsbGzd6nmGehL8cPekP+Tg=="
    },
    "@xstate/immer": {
      "version": "0.3.1",
      "resolved": "https://registry.npmjs.org/@xstate/immer/-/immer-0.3.1.tgz",
      "integrity": "sha512-YE+KY08IjEEmXo6XKKpeSGW4j9LfcXw+5JVixLLUO3fWQ3M95joWJ40VtGzx0w0zQSzoCNk8NgfvwWBGSbIaTA==",
      "requires": {}
    },
    "color": {
      "version": "4.2.3",
      "resolved": "https://registry.npmjs.org/color/-/color-4.2.3.tgz",
      "integrity": "sha512-1rXeuUUiGGrykh+CeBdu5Ie7OJwinCgQY0bc7GCRxy5xVHy+moaqkpL/jqQq0MtQOeYcrqEz4abc5f0KtU7W4A==",
      "requires": {
        "color-convert": "^2.0.1",
        "color-string": "^1.9.0"
      }
    },
    "color-convert": {
      "version": "2.0.1",
      "resolved": "https://registry.npmjs.org/color-convert/-/color-convert-2.0.1.tgz",
      "integrity": "sha512-RRECPsj7iu/xb5oKYcsFHSppFNnsj/52OVTRKb4zP5onXwVF3zVmmToNcOfGC+CRDpfK/U584fMg38ZHCaElKQ==",
      "requires": {
        "color-name": "~1.1.4"
      }
    },
    "color-name": {
      "version": "1.1.4",
      "resolved": "https://registry.npmjs.org/color-name/-/color-name-1.1.4.tgz",
      "integrity": "sha512-dOy+3AuW3a2wNbZHIuMZpTcgjGuLU/uBL/ubcZF9OXbDo8ff4O8yVp5Bf0efS8uEoYo5q4Fx7dY9OgQGXgAsQA=="
    },
    "color-string": {
      "version": "1.9.0",
      "resolved": "https://registry.npmjs.org/color-string/-/color-string-1.9.0.tgz",
      "integrity": "sha512-9Mrz2AQLefkH1UvASKj6v6hj/7eWgjnT/cVsR8CumieLoT+g900exWeNogqtweI8dxloXN9BDQTYro1oWu/5CQ==",
      "requires": {
        "color-name": "^1.0.0",
        "simple-swizzle": "^0.2.2"
      }
    },
    "immer": {
      "version": "9.0.12",
      "resolved": "https://registry.npmjs.org/immer/-/immer-9.0.12.tgz",
      "integrity": "sha512-lk7UNmSbAukB5B6dh9fnh5D0bJTOFKxVg2cyJWTYrWRfhLrLMBquONcUs3aFq507hNoIZEDDh8lb8UtOizSMhA==",
      "peer": true
    },
    "is-arrayish": {
      "version": "0.3.2",
      "resolved": "https://registry.npmjs.org/is-arrayish/-/is-arrayish-0.3.2.tgz",
      "integrity": "sha512-eVRqCvVlZbuw3GrM63ovNSNAeA1K16kaR/LRY/92w0zxQ5/1YzwblUX652i4Xs9RwAGjW9d9y6X88t8OaAJfWQ=="
    },
    "lit": {
      "version": "2.2.2",
      "resolved": "https://registry.npmjs.org/lit/-/lit-2.2.2.tgz",
      "integrity": "sha512-eN3+2QRHn/erxYB88AXiiRgQA6RltE9MhzySCwX+ACOxA/MLWN3VdXvcbZD9PN09zmUwlgzDvW3T84YWj2Sa0A==",
      "requires": {
        "@lit/reactive-element": "^1.3.0",
        "lit-element": "^3.2.0",
        "lit-html": "^2.2.0"
      }
    },
    "lit-element": {
      "version": "3.2.0",
      "resolved": "https://registry.npmjs.org/lit-element/-/lit-element-3.2.0.tgz",
      "integrity": "sha512-HbE7yt2SnUtg5DCrWt028oaU4D5F4k/1cntAFHTkzY8ZIa8N0Wmu92PxSxucsQSOXlODFrICkQ5x/tEshKi13g==",
      "requires": {
        "@lit/reactive-element": "^1.3.0",
        "lit-html": "^2.2.0"
      }
    },
    "lit-html": {
      "version": "2.2.2",
      "resolved": "https://registry.npmjs.org/lit-html/-/lit-html-2.2.2.tgz",
      "integrity": "sha512-cJofCRXuizwyaiGt9pJjJOcauezUlSB6t87VBXsPwRhbzF29MgD8GH6fZ0BuZdXAAC02IRONZBd//VPUuU8QbQ==",
      "requires": {
        "@types/trusted-types": "^2.0.2"
      }
    },
    "orderedmap": {
      "version": "1.1.5",
      "resolved": "https://registry.npmjs.org/orderedmap/-/orderedmap-1.1.5.tgz",
      "integrity": "sha512-/fzlCGKRmfayGoI9UUXvJfc2nMZlJHW30QqEvwPvlg8tsX7jyiUSomYie6mYqx7Z9bOMGoag0H/q1PS/0PjYkg=="
    },
    "prosemirror-commands": {
      "version": "1.2.2",
      "resolved": "https://registry.npmjs.org/prosemirror-commands/-/prosemirror-commands-1.2.2.tgz",
      "integrity": "sha512-TX+KpWudMon06frryfpO/u7hsQv2hu8L4VSVbCpi3/7wXHBgl+35mV85qfa3RpT8xD2f3MdeoTqH0vy5JdbXPg==",
      "requires": {
        "prosemirror-model": "^1.0.0",
        "prosemirror-state": "^1.0.0",
        "prosemirror-transform": "^1.0.0"
      }
    },
    "prosemirror-keymap": {
      "version": "1.1.5",
      "resolved": "https://registry.npmjs.org/prosemirror-keymap/-/prosemirror-keymap-1.1.5.tgz",
      "integrity": "sha512-8SZgPH3K+GLsHL2wKuwBD9rxhsbnVBTwpHCO4VUO5GmqUQlxd/2GtBVWTsyLq4Dp3N9nGgPd3+lZFKUDuVp+Vw==",
      "requires": {
        "prosemirror-state": "^1.0.0",
        "w3c-keyname": "^2.2.0"
      }
    },
    "prosemirror-model": {
      "version": "1.16.1",
      "resolved": "https://registry.npmjs.org/prosemirror-model/-/prosemirror-model-1.16.1.tgz",
      "integrity": "sha512-r1/w0HDU40TtkXp0DyKBnFPYwd8FSlUSJmGCGFv4DeynfeSlyQF2FD0RQbVEMOe6P3PpUSXM6LZBV7W/YNZ4mA==",
      "requires": {
        "orderedmap": "^1.1.0"
      }
    },
    "prosemirror-state": {
      "version": "1.3.4",
      "resolved": "https://registry.npmjs.org/prosemirror-state/-/prosemirror-state-1.3.4.tgz",
      "integrity": "sha512-Xkkrpd1y/TQ6HKzN3agsQIGRcLckUMA9u3j207L04mt8ToRgpGeyhbVv0HI7omDORIBHjR29b7AwlATFFf2GLA==",
      "requires": {
        "prosemirror-model": "^1.0.0",
        "prosemirror-transform": "^1.0.0"
      }
    },
    "prosemirror-transform": {
      "version": "1.4.2",
      "resolved": "https://registry.npmjs.org/prosemirror-transform/-/prosemirror-transform-1.4.2.tgz",
      "integrity": "sha512-bcIsf3uRZhfab0xRfyyxOEh6eqSszq/hJbDbmUumFnbHBoWhB/uXbpz6vvUxfk0XiEvrZDJ+5pXRrNDc1Hu3vQ==",
      "requires": {
        "prosemirror-model": "^1.0.0"
      }
    },
    "prosemirror-view": {
      "version": "1.23.12",
      "resolved": "https://registry.npmjs.org/prosemirror-view/-/prosemirror-view-1.23.12.tgz",
      "integrity": "sha512-uvw9ZVz5dNDD9w1bzHkU2r4NWFlpFz85v9rCD8NAhQBau6LYhwM/crjry+C4JgeR8gy6pMXS5eJ1zhNLcK4ctQ==",
      "requires": {
        "prosemirror-model": "^1.16.0",
        "prosemirror-state": "^1.0.0",
        "prosemirror-transform": "^1.1.0"
      }
    },
    "qr-creator": {
      "version": "1.0.0",
      "resolved": "https://registry.npmjs.org/qr-creator/-/qr-creator-1.0.0.tgz",
      "integrity": "sha512-C0cqfbS1P5hfqN4NhsYsUXePlk9BO+a45bAQ3xLYjBL3bOIFzoVEjs79Fado9u9BPBD3buHi3+vY+C8tHh4qMQ=="
    },
    "simple-swizzle": {
      "version": "0.2.2",
      "resolved": "https://registry.npmjs.org/simple-swizzle/-/simple-swizzle-0.2.2.tgz",
      "integrity": "sha1-pNprY1/8zMoz9w0Xy5JZLeleVXo=",
      "requires": {
        "is-arrayish": "^0.3.1"
      }
    },
    "sortablejs": {
      "version": "1.15.0",
      "resolved": "https://registry.npmjs.org/sortablejs/-/sortablejs-1.15.0.tgz",
      "integrity": "sha512-bv9qgVMjUMf89wAvM6AxVvS/4MX3sPeN0+agqShejLU5z5GX4C75ow1O2e5k4L6XItUyAK3gH6AxSbXrOM5e8w=="
    },
    "w3c-keyname": {
      "version": "2.2.4",
      "resolved": "https://registry.npmjs.org/w3c-keyname/-/w3c-keyname-2.2.4.tgz",
      "integrity": "sha512-tOhfEwEzFLJzf6d1ZPkYfGj+FWhIpBux9ppoP3rlclw3Z0BZv3N7b7030Z1kYth+6rDuAsXUFr+d0VE6Ed1ikw=="
    },
    "xstate": {
      "version": "4.31.0",
      "resolved": "https://registry.npmjs.org/xstate/-/xstate-4.31.0.tgz",
      "integrity": "sha512-UK5m6OqUsTlPuKWkfRR5cR9/Yt7sysFyEg+PVIbEH9mwHSf9zuCvWO7rRvhBq7T+3pEXLKTEMfaqmLxl9Ob1pw=="
    }
  }
}
