{
  "name": "webwriter-lit",
  "version": "0.2.3",
  "lockfileVersion": 2,
  "requires": true,
  "packages": {
    "": {
      "name": "webwriter-lit",
      "version": "0.2.3",
      "license": "MIT",
      "dependencies": {
        "lit": "^2.3.1"
      }
    },
    "../webwriter-model": {
      "version": "0.2.0",
      "license": "MIT"
    },
    "node_modules/@lit/reactive-element": {
      "version": "1.4.0",
      "resolved": "https://registry.npmjs.org/@lit/reactive-element/-/reactive-element-1.4.0.tgz",
      "integrity": "sha512-blrtlLKvtVyjTJ3gUHWNSHOU6tD8be9mRafqtnO7GVMcB+5z4RjNcO0DpMGmccK6N8yur1vVVYnS0gPdQ/WgEQ=="
    },
    "node_modules/@types/trusted-types": {
      "version": "2.0.2",
      "resolved": "https://registry.npmjs.org/@types/trusted-types/-/trusted-types-2.0.2.tgz",
      "integrity": "sha512-F5DIZ36YVLE+PN+Zwws4kJogq47hNgX3Nx6WyDJ3kcplxyke3XIzB8uK5n/Lpm1HBsbGzd6nmGehL8cPekP+Tg=="
    },
    "node_modules/lit": {
      "version": "2.3.1",
      "resolved": "https://registry.npmjs.org/lit/-/lit-2.3.1.tgz",
      "integrity": "sha512-TejktDR4mqG3qB32Y8Lm5Lye3c8SUehqz7qRsxe1PqGYL6me2Ef+jeQAEqh20BnnGncv4Yxy2njEIT0kzK1WCw==",
      "dependencies": {
        "@lit/reactive-element": "^1.4.0",
        "lit-element": "^3.2.0",
        "lit-html": "^2.3.0"
      }
    },
    "node_modules/lit-element": {
      "version": "3.2.2",
      "resolved": "https://registry.npmjs.org/lit-element/-/lit-element-3.2.2.tgz",
      "integrity": "sha512-6ZgxBR9KNroqKb6+htkyBwD90XGRiqKDHVrW/Eh0EZ+l+iC+u+v+w3/BA5NGi4nizAVHGYvQBHUDuSmLjPp7NQ==",
      "dependencies": {
        "@lit/reactive-element": "^1.3.0",
        "lit-html": "^2.2.0"
      }
    },
    "node_modules/lit-html": {
      "version": "2.3.0",
      "resolved": "https://registry.npmjs.org/lit-html/-/lit-html-2.3.0.tgz",
      "integrity": "sha512-bnJneRqizoeSTxUeyDJLBDr+DI+7bn6P3WWqsj/4AwPWJjYgjSO5W64BVl1CrEo/8DtgU6DAYADX6yeI5/eDsg==",
      "dependencies": {
        "@types/trusted-types": "^2.0.2"
      }
    },
    "node_modules/webwriter-model": {
      "resolved": "../webwriter-model",
      "link": true
    }
  },
  "dependencies": {
    "@lit/reactive-element": {
      "version": "1.4.0",
      "resolved": "https://registry.npmjs.org/@lit/reactive-element/-/reactive-element-1.4.0.tgz",
      "integrity": "sha512-blrtlLKvtVyjTJ3gUHWNSHOU6tD8be9mRafqtnO7GVMcB+5z4RjNcO0DpMGmccK6N8yur1vVVYnS0gPdQ/WgEQ=="
    },
    "@types/trusted-types": {
      "version": "2.0.2",
      "resolved": "https://registry.npmjs.org/@types/trusted-types/-/trusted-types-2.0.2.tgz",
      "integrity": "sha512-F5DIZ36YVLE+PN+Zwws4kJogq47hNgX3Nx6WyDJ3kcplxyke3XIzB8uK5n/Lpm1HBsbGzd6nmGehL8cPekP+Tg=="
    },
    "lit": {
      "version": "2.3.1",
      "resolved": "https://registry.npmjs.org/lit/-/lit-2.3.1.tgz",
      "integrity": "sha512-TejktDR4mqG3qB32Y8Lm5Lye3c8SUehqz7qRsxe1PqGYL6me2Ef+jeQAEqh20BnnGncv4Yxy2njEIT0kzK1WCw==",
      "requires": {
        "@lit/reactive-element": "^1.4.0",
        "lit-element": "^3.2.0",
        "lit-html": "^2.3.0"
      }
    },
    "lit-element": {
      "version": "3.2.2",
      "resolved": "https://registry.npmjs.org/lit-element/-/lit-element-3.2.2.tgz",
      "integrity": "sha512-6ZgxBR9KNroqKb6+htkyBwD90XGRiqKDHVrW/Eh0EZ+l+iC+u+v+w3/BA5NGi4nizAVHGYvQBHUDuSmLjPp7NQ==",
      "requires": {
        "@lit/reactive-element": "^1.3.0",
        "lit-html": "^2.2.0"
      }
    },
    "lit-html": {
      "version": "2.3.0",
      "resolved": "https://registry.npmjs.org/lit-html/-/lit-html-2.3.0.tgz",
      "integrity": "sha512-bnJneRqizoeSTxUeyDJLBDr+DI+7bn6P3WWqsj/4AwPWJjYgjSO5W64BVl1CrEo/8DtgU6DAYADX6yeI5/eDsg==",
      "requires": {
        "@types/trusted-types": "^2.0.2"
      }
    },
    "webwriter-model": {
      "version": "file:../webwriter-model"
    }
  }
}
