{
  "name": "ww-embed",
  "version": "0.1.14",
  "lockfileVersion": 2,
  "requires": true,
  "packages": {
    "": {
      "name": "ww-embed",
      "version": "0.1.14",
      "license": "MIT",
      "dependencies": {
        "@shoelace-style/shoelace": "^2.0.0-beta.76",
        "lit": "^2.2.5",
        "webwriter-lit": "^0.1.13",
        "webwriter-model": "^0.1.13"
      }
    },
    "node_modules/@floating-ui/core": {
      "version": "0.7.3",
      "resolved": "https://registry.npmjs.org/@floating-ui/core/-/core-0.7.3.tgz",
      "integrity": "sha512-buc8BXHmG9l82+OQXOFU3Kr2XQx9ys01U/Q9HMIrZ300iLc8HLMgh7dcCqgYzAzf4BkoQvDcXf5Y+CuEZ5JBYg=="
    },
    "node_modules/@floating-ui/dom": {
      "version": "0.5.4",
      "resolved": "https://registry.npmjs.org/@floating-ui/dom/-/dom-0.5.4.tgz",
      "integrity": "sha512-419BMceRLq0RrmTSDxn8hf9R3VCJv2K9PUfugh5JyEFmdjzDo+e8U5EdR8nzKq8Yj1htzLm3b6eQEEam3/rrtg==",
      "dependencies": {
        "@floating-ui/core": "^0.7.3"
      }
    },
    "node_modules/@lit-labs/react": {
      "version": "1.0.6",
      "resolved": "https://registry.npmjs.org/@lit-labs/react/-/react-1.0.6.tgz",
      "integrity": "sha512-uDtfJv5XunmsydTNRST+MU8U6QyETCw8BKoeMw2Q4Te1r5paAD9sVJfxESP7Dbk0G4tqCRS0BsyNmYJSGCrJyQ=="
    },
    "node_modules/@lit/reactive-element": {
      "version": "1.3.3",
      "resolved": "https://registry.npmjs.org/@lit/reactive-element/-/reactive-element-1.3.3.tgz",
      "integrity": "sha512-ukelZ49tzUqgOAEbVujl/U62JNK3wdn5kKtXVqrjKND4QvHACZOMOYaZI6/5Jd8vsg+Fq9HDwiib70FBLydOiQ=="
    },
    "node_modules/@shoelace-style/animations": {
      "version": "1.1.0",
      "resolved": "https://registry.npmjs.org/@shoelace-style/animations/-/animations-1.1.0.tgz",
      "integrity": "sha512-Be+cahtZyI2dPKRm8EZSx3YJQ+jLvEcn3xzRP7tM4tqBnvd/eW/64Xh0iOf0t2w5P8iJKfdBbpVNE9naCaOf2g==",
      "funding": {
        "type": "individual",
        "url": "https://github.com/sponsors/claviska"
      }
    },
    "node_modules/@shoelace-style/localize": {
      "version": "3.0.0",
      "resolved": "https://registry.npmjs.org/@shoelace-style/localize/-/localize-3.0.0.tgz",
      "integrity": "sha512-V+MWxPcTouKBK84t49v8+XE2AAffEIly7chn4md2i7+5wRqrk1uDBjkt8zxKXUx7CWeHT/i/oftjvWVhHRmC1A=="
    },
    "node_modules/@shoelace-style/shoelace": {
      "version": "2.0.0-beta.77",
      "resolved": "https://registry.npmjs.org/@shoelace-style/shoelace/-/shoelace-2.0.0-beta.77.tgz",
      "integrity": "sha512-nFLbswemL1MPT2N/ic8Mx1xEI8UomAOrCtuRjQ/DdQtyK9leL/xsm5JfDlhfc5FWgTqtmJqQKECJ6FmBJv3VMw==",
      "dependencies": {
        "@floating-ui/dom": "^0.5.2",
        "@lit-labs/react": "^1.0.4",
        "@shoelace-style/animations": "^1.1.0",
        "@shoelace-style/localize": "^3.0.0",
        "color": "4.2",
        "lit": "^2.2.5",
        "qr-creator": "^1.0.0"
      },
      "engines": {
        "node": ">=14.17.0"
      },
      "funding": {
        "type": "individual",
        "url": "https://github.com/sponsors/claviska"
      }
    },
    "node_modules/@types/trusted-types": {
      "version": "2.0.2",
      "resolved": "https://registry.npmjs.org/@types/trusted-types/-/trusted-types-2.0.2.tgz",
      "integrity": "sha512-F5DIZ36YVLE+PN+Zwws4kJogq47hNgX3Nx6WyDJ3kcplxyke3XIzB8uK5n/Lpm1HBsbGzd6nmGehL8cPekP+Tg=="
    },
    "node_modules/color": {
      "version": "4.2.3",
      "resolved": "https://registry.npmjs.org/color/-/color-4.2.3.tgz",
      "integrity": "sha512-1rXeuUUiGGrykh+CeBdu5Ie7OJwinCgQY0bc7GCRxy5xVHy+moaqkpL/jqQq0MtQOeYcrqEz4abc5f0KtU7W4A==",
      "dependencies": {
        "color-convert": "^2.0.1",
        "color-string": "^1.9.0"
      },
      "engines": {
        "node": ">=12.5.0"
      }
    },
    "node_modules/color-convert": {
      "version": "2.0.1",
      "resolved": "https://registry.npmjs.org/color-convert/-/color-convert-2.0.1.tgz",
      "integrity": "sha512-RRECPsj7iu/xb5oKYcsFHSppFNnsj/52OVTRKb4zP5onXwVF3zVmmToNcOfGC+CRDpfK/U584fMg38ZHCaElKQ==",
      "dependencies": {
        "color-name": "~1.1.4"
      },
      "engines": {
        "node": ">=7.0.0"
      }
    },
    "node_modules/color-name": {
      "version": "1.1.4",
      "resolved": "https://registry.npmjs.org/color-name/-/color-name-1.1.4.tgz",
      "integrity": "sha512-dOy+3AuW3a2wNbZHIuMZpTcgjGuLU/uBL/ubcZF9OXbDo8ff4O8yVp5Bf0efS8uEoYo5q4Fx7dY9OgQGXgAsQA=="
    },
    "node_modules/color-string": {
      "version": "1.9.1",
      "resolved": "https://registry.npmjs.org/color-string/-/color-string-1.9.1.tgz",
      "integrity": "sha512-shrVawQFojnZv6xM40anx4CkoDP+fZsw/ZerEMsW/pyzsRbElpsL/DBVW7q3ExxwusdNXI3lXpuhEZkzs8p5Eg==",
      "dependencies": {
        "color-name": "^1.0.0",
        "simple-swizzle": "^0.2.2"
      }
    },
    "node_modules/is-arrayish": {
      "version": "0.3.2",
      "resolved": "https://registry.npmjs.org/is-arrayish/-/is-arrayish-0.3.2.tgz",
      "integrity": "sha512-eVRqCvVlZbuw3GrM63ovNSNAeA1K16kaR/LRY/92w0zxQ5/1YzwblUX652i4Xs9RwAGjW9d9y6X88t8OaAJfWQ=="
    },
    "node_modules/lit": {
      "version": "2.2.7",
      "resolved": "https://registry.npmjs.org/lit/-/lit-2.2.7.tgz",
      "integrity": "sha512-WXYujlKFwme5ZqXOZoWuRVZQAwy7scbcVT3wCbAOHefOxyscqjywWGlF2e6nnC9E64yP9l2ZQlN8wZcRlrjUMQ==",
      "dependencies": {
        "@lit/reactive-element": "^1.3.0",
        "lit-element": "^3.2.0",
        "lit-html": "^2.2.0"
      }
    },
    "node_modules/lit-element": {
      "version": "3.2.1",
      "resolved": "https://registry.npmjs.org/lit-element/-/lit-element-3.2.1.tgz",
      "integrity": "sha512-2PxyE9Yq9Jyo/YBK2anycaHcqo93YvB5D+24JxloPVqryW/BOXekne+jGsm0Ke3E5E2v7CDgkmpEmCAzYfrHCQ==",
      "dependencies": {
        "@lit/reactive-element": "^1.3.0",
        "lit-html": "^2.2.0"
      }
    },
    "node_modules/lit-html": {
      "version": "2.2.6",
      "resolved": "https://registry.npmjs.org/lit-html/-/lit-html-2.2.6.tgz",
      "integrity": "sha512-xOKsPmq/RAKJ6dUeOxhmOYFjcjf0Q7aSdfBJgdJkOfCUnkmmJPxNrlZpRBeVe1Gg50oYWMlgm6ccAE/SpJgSdw==",
      "dependencies": {
        "@types/trusted-types": "^2.0.2"
      }
    },
    "node_modules/qr-creator": {
      "version": "1.0.0",
      "resolved": "https://registry.npmjs.org/qr-creator/-/qr-creator-1.0.0.tgz",
      "integrity": "sha512-C0cqfbS1P5hfqN4NhsYsUXePlk9BO+a45bAQ3xLYjBL3bOIFzoVEjs79Fado9u9BPBD3buHi3+vY+C8tHh4qMQ=="
    },
    "node_modules/simple-swizzle": {
      "version": "0.2.2",
      "resolved": "https://registry.npmjs.org/simple-swizzle/-/simple-swizzle-0.2.2.tgz",
      "integrity": "sha512-JA//kQgZtbuY83m+xT+tXJkmJncGMTFT+C+g2h2R9uxkYIrE2yy9sgmcLhCnw57/WSD+Eh3J97FPEDFnbXnDUg==",
      "dependencies": {
        "is-arrayish": "^0.3.1"
      }
    },
    "node_modules/webwriter-lit": {
      "version": "0.1.14",
      "resolved": "https://registry.npmjs.org/webwriter-lit/-/webwriter-lit-0.1.14.tgz",
      "integrity": "sha512-KvRotU3GiqB+4XwSrrTG3Gx4dgO3IRL940emQBiXyr+5EfGITdQwuHHLrxqUoOI8MLDZ85VAlI4U1Y+bGJ2FPA==",
      "dependencies": {
        "lit": "^2.2.7",
        "webwriter-model": "^0.1.13"
      }
    },
    "node_modules/webwriter-model": {
      "version": "0.1.14",
      "resolved": "https://registry.npmjs.org/webwriter-model/-/webwriter-model-0.1.14.tgz",
      "integrity": "sha512-uMSJHQgq93qIIiUs+m7Bq3BzNIsbRkS7Nyn0kQbYe3mawc2gNihp61aOvS2QwTLSKEnQmue/uayUAA63Wr3kug=="
    }
  },
  "dependencies": {
    "@floating-ui/core": {
      "version": "0.7.3",
      "resolved": "https://registry.npmjs.org/@floating-ui/core/-/core-0.7.3.tgz",
      "integrity": "sha512-buc8BXHmG9l82+OQXOFU3Kr2XQx9ys01U/Q9HMIrZ300iLc8HLMgh7dcCqgYzAzf4BkoQvDcXf5Y+CuEZ5JBYg=="
    },
    "@floating-ui/dom": {
      "version": "0.5.4",
      "resolved": "https://registry.npmjs.org/@floating-ui/dom/-/dom-0.5.4.tgz",
      "integrity": "sha512-419BMceRLq0RrmTSDxn8hf9R3VCJv2K9PUfugh5JyEFmdjzDo+e8U5EdR8nzKq8Yj1htzLm3b6eQEEam3/rrtg==",
      "requires": {
        "@floating-ui/core": "^0.7.3"
      }
    },
    "@lit-labs/react": {
      "version": "1.0.6",
      "resolved": "https://registry.npmjs.org/@lit-labs/react/-/react-1.0.6.tgz",
      "integrity": "sha512-uDtfJv5XunmsydTNRST+MU8U6QyETCw8BKoeMw2Q4Te1r5paAD9sVJfxESP7Dbk0G4tqCRS0BsyNmYJSGCrJyQ=="
    },
    "@lit/reactive-element": {
      "version": "1.3.3",
      "resolved": "https://registry.npmjs.org/@lit/reactive-element/-/reactive-element-1.3.3.tgz",
      "integrity": "sha512-ukelZ49tzUqgOAEbVujl/U62JNK3wdn5kKtXVqrjKND4QvHACZOMOYaZI6/5Jd8vsg+Fq9HDwiib70FBLydOiQ=="
    },
    "@shoelace-style/animations": {
      "version": "1.1.0",
      "resolved": "https://registry.npmjs.org/@shoelace-style/animations/-/animations-1.1.0.tgz",
      "integrity": "sha512-Be+cahtZyI2dPKRm8EZSx3YJQ+jLvEcn3xzRP7tM4tqBnvd/eW/64Xh0iOf0t2w5P8iJKfdBbpVNE9naCaOf2g=="
    },
    "@shoelace-style/localize": {
      "version": "3.0.0",
      "resolved": "https://registry.npmjs.org/@shoelace-style/localize/-/localize-3.0.0.tgz",
      "integrity": "sha512-V+MWxPcTouKBK84t49v8+XE2AAffEIly7chn4md2i7+5wRqrk1uDBjkt8zxKXUx7CWeHT/i/oftjvWVhHRmC1A=="
    },
    "@shoelace-style/shoelace": {
      "version": "2.0.0-beta.77",
      "resolved": "https://registry.npmjs.org/@shoelace-style/shoelace/-/shoelace-2.0.0-beta.77.tgz",
      "integrity": "sha512-nFLbswemL1MPT2N/ic8Mx1xEI8UomAOrCtuRjQ/DdQtyK9leL/xsm5JfDlhfc5FWgTqtmJqQKECJ6FmBJv3VMw==",
      "requires": {
        "@floating-ui/dom": "^0.5.2",
        "@lit-labs/react": "^1.0.4",
        "@shoelace-style/animations": "^1.1.0",
        "@shoelace-style/localize": "^3.0.0",
        "color": "4.2",
        "lit": "^2.2.5",
        "qr-creator": "^1.0.0"
      }
    },
    "@types/trusted-types": {
      "version": "2.0.2",
      "resolved": "https://registry.npmjs.org/@types/trusted-types/-/trusted-types-2.0.2.tgz",
      "integrity": "sha512-F5DIZ36YVLE+PN+Zwws4kJogq47hNgX3Nx6WyDJ3kcplxyke3XIzB8uK5n/Lpm1HBsbGzd6nmGehL8cPekP+Tg=="
    },
    "color": {
      "version": "4.2.3",
      "resolved": "https://registry.npmjs.org/color/-/color-4.2.3.tgz",
      "integrity": "sha512-1rXeuUUiGGrykh+CeBdu5Ie7OJwinCgQY0bc7GCRxy5xVHy+moaqkpL/jqQq0MtQOeYcrqEz4abc5f0KtU7W4A==",
      "requires": {
        "color-convert": "^2.0.1",
        "color-string": "^1.9.0"
      }
    },
    "color-convert": {
      "version": "2.0.1",
      "resolved": "https://registry.npmjs.org/color-convert/-/color-convert-2.0.1.tgz",
      "integrity": "sha512-RRECPsj7iu/xb5oKYcsFHSppFNnsj/52OVTRKb4zP5onXwVF3zVmmToNcOfGC+CRDpfK/U584fMg38ZHCaElKQ==",
      "requires": {
        "color-name": "~1.1.4"
      }
    },
    "color-name": {
      "version": "1.1.4",
      "resolved": "https://registry.npmjs.org/color-name/-/color-name-1.1.4.tgz",
      "integrity": "sha512-dOy+3AuW3a2wNbZHIuMZpTcgjGuLU/uBL/ubcZF9OXbDo8ff4O8yVp5Bf0efS8uEoYo5q4Fx7dY9OgQGXgAsQA=="
    },
    "color-string": {
      "version": "1.9.1",
      "resolved": "https://registry.npmjs.org/color-string/-/color-string-1.9.1.tgz",
      "integrity": "sha512-shrVawQFojnZv6xM40anx4CkoDP+fZsw/ZerEMsW/pyzsRbElpsL/DBVW7q3ExxwusdNXI3lXpuhEZkzs8p5Eg==",
      "requires": {
        "color-name": "^1.0.0",
        "simple-swizzle": "^0.2.2"
      }
    },
    "is-arrayish": {
      "version": "0.3.2",
      "resolved": "https://registry.npmjs.org/is-arrayish/-/is-arrayish-0.3.2.tgz",
      "integrity": "sha512-eVRqCvVlZbuw3GrM63ovNSNAeA1K16kaR/LRY/92w0zxQ5/1YzwblUX652i4Xs9RwAGjW9d9y6X88t8OaAJfWQ=="
    },
    "lit": {
      "version": "2.2.7",
      "resolved": "https://registry.npmjs.org/lit/-/lit-2.2.7.tgz",
      "integrity": "sha512-WXYujlKFwme5ZqXOZoWuRVZQAwy7scbcVT3wCbAOHefOxyscqjywWGlF2e6nnC9E64yP9l2ZQlN8wZcRlrjUMQ==",
      "requires": {
        "@lit/reactive-element": "^1.3.0",
        "lit-element": "^3.2.0",
        "lit-html": "^2.2.0"
      }
    },
    "lit-element": {
      "version": "3.2.1",
      "resolved": "https://registry.npmjs.org/lit-element/-/lit-element-3.2.1.tgz",
      "integrity": "sha512-2PxyE9Yq9Jyo/YBK2anycaHcqo93YvB5D+24JxloPVqryW/BOXekne+jGsm0Ke3E5E2v7CDgkmpEmCAzYfrHCQ==",
      "requires": {
        "@lit/reactive-element": "^1.3.0",
        "lit-html": "^2.2.0"
      }
    },
    "lit-html": {
      "version": "2.2.6",
      "resolved": "https://registry.npmjs.org/lit-html/-/lit-html-2.2.6.tgz",
      "integrity": "sha512-xOKsPmq/RAKJ6dUeOxhmOYFjcjf0Q7aSdfBJgdJkOfCUnkmmJPxNrlZpRBeVe1Gg50oYWMlgm6ccAE/SpJgSdw==",
      "requires": {
        "@types/trusted-types": "^2.0.2"
      }
    },
    "qr-creator": {
      "version": "1.0.0",
      "resolved": "https://registry.npmjs.org/qr-creator/-/qr-creator-1.0.0.tgz",
      "integrity": "sha512-C0cqfbS1P5hfqN4NhsYsUXePlk9BO+a45bAQ3xLYjBL3bOIFzoVEjs79Fado9u9BPBD3buHi3+vY+C8tHh4qMQ=="
    },
    "simple-swizzle": {
      "version": "0.2.2",
      "resolved": "https://registry.npmjs.org/simple-swizzle/-/simple-swizzle-0.2.2.tgz",
      "integrity": "sha512-JA//kQgZtbuY83m+xT+tXJkmJncGMTFT+C+g2h2R9uxkYIrE2yy9sgmcLhCnw57/WSD+Eh3J97FPEDFnbXnDUg==",
      "requires": {
        "is-arrayish": "^0.3.1"
      }
    },
    "webwriter-lit": {
      "version": "0.1.14",
      "resolved": "https://registry.npmjs.org/webwriter-lit/-/webwriter-lit-0.1.14.tgz",
      "integrity": "sha512-KvRotU3GiqB+4XwSrrTG3Gx4dgO3IRL940emQBiXyr+5EfGITdQwuHHLrxqUoOI8MLDZ85VAlI4U1Y+bGJ2FPA==",
      "requires": {
        "lit": "^2.2.7",
        "webwriter-model": "^0.1.13"
      }
    },
    "webwriter-model": {
      "version": "0.1.14",
      "resolved": "https://registry.npmjs.org/webwriter-model/-/webwriter-model-0.1.14.tgz",
      "integrity": "sha512-uMSJHQgq93qIIiUs+m7Bq3BzNIsbRkS7Nyn0kQbYe3mawc2gNihp61aOvS2QwTLSKEnQmue/uayUAA63Wr3kug=="
    }
  }
}
