{
  "name": "ww-embed",
  "version": "0.2.3",
  "lockfileVersion": 2,
  "requires": true,
  "packages": {
    "": {
      "name": "ww-embed",
      "version": "0.2.3",
      "license": "MIT",
      "dependencies": {
        "@shoelace-style/shoelace": "^2.0.0-beta.83",
        "lit": "^2.3.1"
      }
    },
    "../webwriter-lit": {
      "version": "0.1.25",
      "license": "MIT",
      "dependencies": {
        "lit": "^2.3.0",
        "webwriter-model": "file:../webwriter-model"
      }
    },
    "../webwriter-model": {
      "version": "0.2.0",
      "license": "MIT"
    },
    "node_modules/@floating-ui/core": {
      "version": "1.0.1",
      "resolved": "https://registry.npmjs.org/@floating-ui/core/-/core-1.0.1.tgz",
      "integrity": "sha512-bO37brCPfteXQfFY0DyNDGB3+IMe4j150KFQcgJ5aBP295p9nBGeHEs/p0czrRbtlHq4Px/yoPXO/+dOCcF4uA=="
    },
    "node_modules/@floating-ui/dom": {
      "version": "1.0.1",
      "resolved": "https://registry.npmjs.org/@floating-ui/dom/-/dom-1.0.1.tgz",
      "integrity": "sha512-wBDiLUKWU8QNPNOTAFHiIAkBv1KlHauG2AhqjSeh2H+wR8PX+AArXfz8NkRexH5PgMJMmSOS70YS89AbWYh5dA==",
      "dependencies": {
        "@floating-ui/core": "^1.0.1"
      }
    },
    "node_modules/@lit-labs/react": {
      "version": "1.0.7",
      "resolved": "https://registry.npmjs.org/@lit-labs/react/-/react-1.0.7.tgz",
      "integrity": "sha512-ehnOFE5qMPKqApSjclAXyYSqSBWhjuvwF0ZkMJaggmtkGtMvti3gSq/kU5pwBQDgs+71TJWTzWZyQ83hdS8ofw=="
    },
    "node_modules/@lit/reactive-element": {
      "version": "1.4.0",
      "resolved": "https://registry.npmjs.org/@lit/reactive-element/-/reactive-element-1.4.0.tgz",
      "integrity": "sha512-blrtlLKvtVyjTJ3gUHWNSHOU6tD8be9mRafqtnO7GVMcB+5z4RjNcO0DpMGmccK6N8yur1vVVYnS0gPdQ/WgEQ=="
    },
    "node_modules/@shoelace-style/animations": {
      "version": "1.1.0",
      "resolved": "https://registry.npmjs.org/@shoelace-style/animations/-/animations-1.1.0.tgz",
      "integrity": "sha512-Be+cahtZyI2dPKRm8EZSx3YJQ+jLvEcn3xzRP7tM4tqBnvd/eW/64Xh0iOf0t2w5P8iJKfdBbpVNE9naCaOf2g==",
      "funding": {
        "type": "individual",
        "url": "https://github.com/sponsors/claviska"
      }
    },
    "node_modules/@shoelace-style/localize": {
      "version": "3.0.1",
      "resolved": "https://registry.npmjs.org/@shoelace-style/localize/-/localize-3.0.1.tgz",
      "integrity": "sha512-nmv1syJ3ormbGq29GsuxGRK6BFq7Jhx+kVFyuuozz0Pckkvk1SGk2vpZZcdnj2vRZCETvlVB7KYgakUwgGmn+A=="
    },
    "node_modules/@shoelace-style/shoelace": {
      "version": "2.0.0-beta.80",
      "resolved": "https://registry.npmjs.org/@shoelace-style/shoelace/-/shoelace-2.0.0-beta.80.tgz",
      "integrity": "sha512-xSAak4FK2zWgAsINyul4k8DMiKPyyWS65VaM3DaTW7+feC/OL6jnTHHjkzmxZXoMoEaR9zB9NrBql6NSPtS5pA==",
      "dependencies": {
        "@floating-ui/dom": "^1.0.0",
        "@lit-labs/react": "^1.0.7",
        "@shoelace-style/animations": "^1.1.0",
        "@shoelace-style/localize": "^3.0.1",
        "color": "4.2",
        "lit": "^2.2.8",
        "qr-creator": "^1.0.0"
      },
      "engines": {
        "node": ">=14.17.0"
      },
      "funding": {
        "type": "individual",
        "url": "https://github.com/sponsors/claviska"
      }
    },
    "node_modules/@types/trusted-types": {
      "version": "2.0.2",
      "resolved": "https://registry.npmjs.org/@types/trusted-types/-/trusted-types-2.0.2.tgz",
      "integrity": "sha512-F5DIZ36YVLE+PN+Zwws4kJogq47hNgX3Nx6WyDJ3kcplxyke3XIzB8uK5n/Lpm1HBsbGzd6nmGehL8cPekP+Tg=="
    },
    "node_modules/color": {
      "version": "4.2.3",
      "resolved": "https://registry.npmjs.org/color/-/color-4.2.3.tgz",
      "integrity": "sha512-1rXeuUUiGGrykh+CeBdu5Ie7OJwinCgQY0bc7GCRxy5xVHy+moaqkpL/jqQq0MtQOeYcrqEz4abc5f0KtU7W4A==",
      "dependencies": {
        "color-convert": "^2.0.1",
        "color-string": "^1.9.0"
      },
      "engines": {
        "node": ">=12.5.0"
      }
    },
    "node_modules/color-convert": {
      "version": "2.0.1",
      "resolved": "https://registry.npmjs.org/color-convert/-/color-convert-2.0.1.tgz",
      "integrity": "sha512-RRECPsj7iu/xb5oKYcsFHSppFNnsj/52OVTRKb4zP5onXwVF3zVmmToNcOfGC+CRDpfK/U584fMg38ZHCaElKQ==",
      "dependencies": {
        "color-name": "~1.1.4"
      },
      "engines": {
        "node": ">=7.0.0"
      }
    },
    "node_modules/color-name": {
      "version": "1.1.4",
      "resolved": "https://registry.npmjs.org/color-name/-/color-name-1.1.4.tgz",
      "integrity": "sha512-dOy+3AuW3a2wNbZHIuMZpTcgjGuLU/uBL/ubcZF9OXbDo8ff4O8yVp5Bf0efS8uEoYo5q4Fx7dY9OgQGXgAsQA=="
    },
    "node_modules/color-string": {
      "version": "1.9.1",
      "resolved": "https://registry.npmjs.org/color-string/-/color-string-1.9.1.tgz",
      "integrity": "sha512-shrVawQFojnZv6xM40anx4CkoDP+fZsw/ZerEMsW/pyzsRbElpsL/DBVW7q3ExxwusdNXI3lXpuhEZkzs8p5Eg==",
      "dependencies": {
        "color-name": "^1.0.0",
        "simple-swizzle": "^0.2.2"
      }
    },
    "node_modules/is-arrayish": {
      "version": "0.3.2",
      "resolved": "https://registry.npmjs.org/is-arrayish/-/is-arrayish-0.3.2.tgz",
      "integrity": "sha512-eVRqCvVlZbuw3GrM63ovNSNAeA1K16kaR/LRY/92w0zxQ5/1YzwblUX652i4Xs9RwAGjW9d9y6X88t8OaAJfWQ=="
    },
    "node_modules/lit": {
      "version": "2.3.1",
      "resolved": "https://registry.npmjs.org/lit/-/lit-2.3.1.tgz",
      "integrity": "sha512-TejktDR4mqG3qB32Y8Lm5Lye3c8SUehqz7qRsxe1PqGYL6me2Ef+jeQAEqh20BnnGncv4Yxy2njEIT0kzK1WCw==",
      "dependencies": {
        "@lit/reactive-element": "^1.4.0",
        "lit-element": "^3.2.0",
        "lit-html": "^2.3.0"
      }
    },
    "node_modules/lit-element": {
      "version": "3.2.2",
      "resolved": "https://registry.npmjs.org/lit-element/-/lit-element-3.2.2.tgz",
      "integrity": "sha512-6ZgxBR9KNroqKb6+htkyBwD90XGRiqKDHVrW/Eh0EZ+l+iC+u+v+w3/BA5NGi4nizAVHGYvQBHUDuSmLjPp7NQ==",
      "dependencies": {
        "@lit/reactive-element": "^1.3.0",
        "lit-html": "^2.2.0"
      }
    },
    "node_modules/lit-html": {
      "version": "2.3.0",
      "resolved": "https://registry.npmjs.org/lit-html/-/lit-html-2.3.0.tgz",
      "integrity": "sha512-bnJneRqizoeSTxUeyDJLBDr+DI+7bn6P3WWqsj/4AwPWJjYgjSO5W64BVl1CrEo/8DtgU6DAYADX6yeI5/eDsg==",
      "dependencies": {
        "@types/trusted-types": "^2.0.2"
      }
    },
    "node_modules/qr-creator": {
      "version": "1.0.0",
      "resolved": "https://registry.npmjs.org/qr-creator/-/qr-creator-1.0.0.tgz",
      "integrity": "sha512-C0cqfbS1P5hfqN4NhsYsUXePlk9BO+a45bAQ3xLYjBL3bOIFzoVEjs79Fado9u9BPBD3buHi3+vY+C8tHh4qMQ=="
    },
    "node_modules/simple-swizzle": {
      "version": "0.2.2",
      "resolved": "https://registry.npmjs.org/simple-swizzle/-/simple-swizzle-0.2.2.tgz",
      "integrity": "sha512-JA//kQgZtbuY83m+xT+tXJkmJncGMTFT+C+g2h2R9uxkYIrE2yy9sgmcLhCnw57/WSD+Eh3J97FPEDFnbXnDUg==",
      "dependencies": {
        "is-arrayish": "^0.3.1"
      }
    },
    "node_modules/webwriter-lit": {
      "resolved": "../webwriter-lit",
      "link": true
    },
    "node_modules/webwriter-model": {
      "resolved": "../webwriter-model",
      "link": true
    }
  },
  "dependencies": {
    "@floating-ui/core": {
      "version": "1.0.1",
      "resolved": "https://registry.npmjs.org/@floating-ui/core/-/core-1.0.1.tgz",
      "integrity": "sha512-bO37brCPfteXQfFY0DyNDGB3+IMe4j150KFQcgJ5aBP295p9nBGeHEs/p0czrRbtlHq4Px/yoPXO/+dOCcF4uA=="
    },
    "@floating-ui/dom": {
      "version": "1.0.1",
      "resolved": "https://registry.npmjs.org/@floating-ui/dom/-/dom-1.0.1.tgz",
      "integrity": "sha512-wBDiLUKWU8QNPNOTAFHiIAkBv1KlHauG2AhqjSeh2H+wR8PX+AArXfz8NkRexH5PgMJMmSOS70YS89AbWYh5dA==",
      "requires": {
        "@floating-ui/core": "^1.0.1"
      }
    },
    "@lit-labs/react": {
      "version": "1.0.7",
      "resolved": "https://registry.npmjs.org/@lit-labs/react/-/react-1.0.7.tgz",
      "integrity": "sha512-ehnOFE5qMPKqApSjclAXyYSqSBWhjuvwF0ZkMJaggmtkGtMvti3gSq/kU5pwBQDgs+71TJWTzWZyQ83hdS8ofw=="
    },
    "@lit/reactive-element": {
      "version": "1.4.0",
      "resolved": "https://registry.npmjs.org/@lit/reactive-element/-/reactive-element-1.4.0.tgz",
      "integrity": "sha512-blrtlLKvtVyjTJ3gUHWNSHOU6tD8be9mRafqtnO7GVMcB+5z4RjNcO0DpMGmccK6N8yur1vVVYnS0gPdQ/WgEQ=="
    },
    "@shoelace-style/animations": {
      "version": "1.1.0",
      "resolved": "https://registry.npmjs.org/@shoelace-style/animations/-/animations-1.1.0.tgz",
      "integrity": "sha512-Be+cahtZyI2dPKRm8EZSx3YJQ+jLvEcn3xzRP7tM4tqBnvd/eW/64Xh0iOf0t2w5P8iJKfdBbpVNE9naCaOf2g=="
    },
    "@shoelace-style/localize": {
      "version": "3.0.1",
      "resolved": "https://registry.npmjs.org/@shoelace-style/localize/-/localize-3.0.1.tgz",
      "integrity": "sha512-nmv1syJ3ormbGq29GsuxGRK6BFq7Jhx+kVFyuuozz0Pckkvk1SGk2vpZZcdnj2vRZCETvlVB7KYgakUwgGmn+A=="
    },
    "@shoelace-style/shoelace": {
      "version": "2.0.0-beta.80",
      "resolved": "https://registry.npmjs.org/@shoelace-style/shoelace/-/shoelace-2.0.0-beta.80.tgz",
      "integrity": "sha512-xSAak4FK2zWgAsINyul4k8DMiKPyyWS65VaM3DaTW7+feC/OL6jnTHHjkzmxZXoMoEaR9zB9NrBql6NSPtS5pA==",
      "requires": {
        "@floating-ui/dom": "^1.0.0",
        "@lit-labs/react": "^1.0.7",
        "@shoelace-style/animations": "^1.1.0",
        "@shoelace-style/localize": "^3.0.1",
        "color": "4.2",
        "lit": "^2.2.8",
        "qr-creator": "^1.0.0"
      }
    },
    "@types/trusted-types": {
      "version": "2.0.2",
      "resolved": "https://registry.npmjs.org/@types/trusted-types/-/trusted-types-2.0.2.tgz",
      "integrity": "sha512-F5DIZ36YVLE+PN+Zwws4kJogq47hNgX3Nx6WyDJ3kcplxyke3XIzB8uK5n/Lpm1HBsbGzd6nmGehL8cPekP+Tg=="
    },
    "color": {
      "version": "4.2.3",
      "resolved": "https://registry.npmjs.org/color/-/color-4.2.3.tgz",
      "integrity": "sha512-1rXeuUUiGGrykh+CeBdu5Ie7OJwinCgQY0bc7GCRxy5xVHy+moaqkpL/jqQq0MtQOeYcrqEz4abc5f0KtU7W4A==",
      "requires": {
        "color-convert": "^2.0.1",
        "color-string": "^1.9.0"
      }
    },
    "color-convert": {
      "version": "2.0.1",
      "resolved": "https://registry.npmjs.org/color-convert/-/color-convert-2.0.1.tgz",
      "integrity": "sha512-RRECPsj7iu/xb5oKYcsFHSppFNnsj/52OVTRKb4zP5onXwVF3zVmmToNcOfGC+CRDpfK/U584fMg38ZHCaElKQ==",
      "requires": {
        "color-name": "~1.1.4"
      }
    },
    "color-name": {
      "version": "1.1.4",
      "resolved": "https://registry.npmjs.org/color-name/-/color-name-1.1.4.tgz",
      "integrity": "sha512-dOy+3AuW3a2wNbZHIuMZpTcgjGuLU/uBL/ubcZF9OXbDo8ff4O8yVp5Bf0efS8uEoYo5q4Fx7dY9OgQGXgAsQA=="
    },
    "color-string": {
      "version": "1.9.1",
      "resolved": "https://registry.npmjs.org/color-string/-/color-string-1.9.1.tgz",
      "integrity": "sha512-shrVawQFojnZv6xM40anx4CkoDP+fZsw/ZerEMsW/pyzsRbElpsL/DBVW7q3ExxwusdNXI3lXpuhEZkzs8p5Eg==",
      "requires": {
        "color-name": "^1.0.0",
        "simple-swizzle": "^0.2.2"
      }
    },
    "is-arrayish": {
      "version": "0.3.2",
      "resolved": "https://registry.npmjs.org/is-arrayish/-/is-arrayish-0.3.2.tgz",
      "integrity": "sha512-eVRqCvVlZbuw3GrM63ovNSNAeA1K16kaR/LRY/92w0zxQ5/1YzwblUX652i4Xs9RwAGjW9d9y6X88t8OaAJfWQ=="
    },
    "lit": {
      "version": "2.3.1",
      "resolved": "https://registry.npmjs.org/lit/-/lit-2.3.1.tgz",
      "integrity": "sha512-TejktDR4mqG3qB32Y8Lm5Lye3c8SUehqz7qRsxe1PqGYL6me2Ef+jeQAEqh20BnnGncv4Yxy2njEIT0kzK1WCw==",
      "requires": {
        "@lit/reactive-element": "^1.4.0",
        "lit-element": "^3.2.0",
        "lit-html": "^2.3.0"
      }
    },
    "lit-element": {
      "version": "3.2.2",
      "resolved": "https://registry.npmjs.org/lit-element/-/lit-element-3.2.2.tgz",
      "integrity": "sha512-6ZgxBR9KNroqKb6+htkyBwD90XGRiqKDHVrW/Eh0EZ+l+iC+u+v+w3/BA5NGi4nizAVHGYvQBHUDuSmLjPp7NQ==",
      "requires": {
        "@lit/reactive-element": "^1.3.0",
        "lit-html": "^2.2.0"
      }
    },
    "lit-html": {
      "version": "2.3.0",
      "resolved": "https://registry.npmjs.org/lit-html/-/lit-html-2.3.0.tgz",
      "integrity": "sha512-bnJneRqizoeSTxUeyDJLBDr+DI+7bn6P3WWqsj/4AwPWJjYgjSO5W64BVl1CrEo/8DtgU6DAYADX6yeI5/eDsg==",
      "requires": {
        "@types/trusted-types": "^2.0.2"
      }
    },
    "qr-creator": {
      "version": "1.0.0",
      "resolved": "https://registry.npmjs.org/qr-creator/-/qr-creator-1.0.0.tgz",
      "integrity": "sha512-C0cqfbS1P5hfqN4NhsYsUXePlk9BO+a45bAQ3xLYjBL3bOIFzoVEjs79Fado9u9BPBD3buHi3+vY+C8tHh4qMQ=="
    },
    "simple-swizzle": {
      "version": "0.2.2",
      "resolved": "https://registry.npmjs.org/simple-swizzle/-/simple-swizzle-0.2.2.tgz",
      "integrity": "sha512-JA//kQgZtbuY83m+xT+tXJkmJncGMTFT+C+g2h2R9uxkYIrE2yy9sgmcLhCnw57/WSD+Eh3J97FPEDFnbXnDUg==",
      "requires": {
        "is-arrayish": "^0.3.1"
      }
    },
    "webwriter-lit": {
      "version": "file:../webwriter-lit",
      "requires": {
        "lit": "^2.3.0",
        "webwriter-model": "file:../webwriter-model"
      }
    },
    "webwriter-model": {
      "version": "file:../webwriter-model"
    }
  }
}
