{
  "name": "ww-h5p",
  "version": "0.3.0",
  "lockfileVersion": 2,
  "requires": true,
  "packages": {
    "": {
      "name": "ww-h5p",
      "version": "0.3.0",
      "license": "MIT",
      "dependencies": {
        "lit": "^2.3.1"
      }
    },
    "node_modules/@lit/reactive-element": {
      "version": "1.4.0",
      "resolved": "https://registry.npmjs.org/@lit/reactive-element/-/reactive-element-1.4.0.tgz",
      "integrity": "sha512-blrtlLKvtVyjTJ3gUHWNSHOU6tD8be9mRafqtnO7GVMcB+5z4RjNcO0DpMGmccK6N8yur1vVVYnS0gPdQ/WgEQ=="
    },
    "node_modules/@types/trusted-types": {
      "version": "2.0.2",
      "resolved": "https://registry.npmjs.org/@types/trusted-types/-/trusted-types-2.0.2.tgz",
      "integrity": "sha512-F5DIZ36YVLE+PN+Zwws4kJogq47hNgX3Nx6WyDJ3kcplxyke3XIzB8uK5n/Lpm1HBsbGzd6nmGehL8cPekP+Tg=="
    },
    "node_modules/lit": {
      "version": "2.3.0",
      "resolved": "https://registry.npmjs.org/lit/-/lit-2.3.0.tgz",
      "integrity": "sha512-ynSGsUYKSGN2weFQ1F3SZq0Ihlj+vr/3KAET//Yf8Tz86L7lZizlw9Px+ab5iN8Si4RkVoLqd9YtKQmjdyKHNg==",
      "dependencies": {
        "@lit/reactive-element": "^1.4.0",
        "lit-element": "^3.2.0",
        "lit-html": "^2.3.0"
      }
    },
    "node_modules/lit-element": {
      "version": "3.2.2",
      "resolved": "https://registry.npmjs.org/lit-element/-/lit-element-3.2.2.tgz",
      "integrity": "sha512-6ZgxBR9KNroqKb6+htkyBwD90XGRiqKDHVrW/Eh0EZ+l+iC+u+v+w3/BA5NGi4nizAVHGYvQBHUDuSmLjPp7NQ==",
      "dependencies": {
        "@lit/reactive-element": "^1.3.0",
        "lit-html": "^2.2.0"
      }
    },
    "node_modules/lit-html": {
      "version": "2.3.0",
      "resolved": "https://registry.npmjs.org/lit-html/-/lit-html-2.3.0.tgz",
      "integrity": "sha512-bnJneRqizoeSTxUeyDJLBDr+DI+7bn6P3WWqsj/4AwPWJjYgjSO5W64BVl1CrEo/8DtgU6DAYADX6yeI5/eDsg==",
      "dependencies": {
        "@types/trusted-types": "^2.0.2"
      }
    },
    "node_modules/webwriter-lit": {
      "version": "0.1.25",
      "resolved": "https://registry.npmjs.org/webwriter-lit/-/webwriter-lit-0.1.25.tgz",
      "integrity": "sha512-V+/F4DhNxbaHeHVIHS4c+pD8kdCwFNPwUg8lbJE/AEYrpVeFCiTmDf+zG44YGwB9y1ClmAVrGl+RQYwy2EsTxw==",
      "dependencies": {
        "lit": "^2.2.8",
        "webwriter-model": "^0.1.25"
      }
    },
    "node_modules/webwriter-model": {
      "version": "0.1.25",
      "resolved": "https://registry.npmjs.org/webwriter-model/-/webwriter-model-0.1.25.tgz",
      "integrity": "sha512-o0LY12E1P2VXY7KX+OL8+pVInpGu0ePJNLc4vb7whrw0Xu3+ww15dJu816PSMn51fexeZ1BEJjVpA/IjWtMozA=="
    }
  },
  "dependencies": {
    "@lit/reactive-element": {
      "version": "1.4.0",
      "resolved": "https://registry.npmjs.org/@lit/reactive-element/-/reactive-element-1.4.0.tgz",
      "integrity": "sha512-blrtlLKvtVyjTJ3gUHWNSHOU6tD8be9mRafqtnO7GVMcB+5z4RjNcO0DpMGmccK6N8yur1vVVYnS0gPdQ/WgEQ=="
    },
    "@types/trusted-types": {
      "version": "2.0.2",
      "resolved": "https://registry.npmjs.org/@types/trusted-types/-/trusted-types-2.0.2.tgz",
      "integrity": "sha512-F5DIZ36YVLE+PN+Zwws4kJogq47hNgX3Nx6WyDJ3kcplxyke3XIzB8uK5n/Lpm1HBsbGzd6nmGehL8cPekP+Tg=="
    },
    "lit": {
      "version": "2.3.0",
      "resolved": "https://registry.npmjs.org/lit/-/lit-2.3.0.tgz",
      "integrity": "sha512-ynSGsUYKSGN2weFQ1F3SZq0Ihlj+vr/3KAET//Yf8Tz86L7lZizlw9Px+ab5iN8Si4RkVoLqd9YtKQmjdyKHNg==",
      "requires": {
        "@lit/reactive-element": "^1.4.0",
        "lit-element": "^3.2.0",
        "lit-html": "^2.3.0"
      }
    },
    "lit-element": {
      "version": "3.2.2",
      "resolved": "https://registry.npmjs.org/lit-element/-/lit-element-3.2.2.tgz",
      "integrity": "sha512-6ZgxBR9KNroqKb6+htkyBwD90XGRiqKDHVrW/Eh0EZ+l+iC+u+v+w3/BA5NGi4nizAVHGYvQBHUDuSmLjPp7NQ==",
      "requires": {
        "@lit/reactive-element": "^1.3.0",
        "lit-html": "^2.2.0"
      }
    },
    "lit-html": {
      "version": "2.3.0",
      "resolved": "https://registry.npmjs.org/lit-html/-/lit-html-2.3.0.tgz",
      "integrity": "sha512-bnJneRqizoeSTxUeyDJLBDr+DI+7bn6P3WWqsj/4AwPWJjYgjSO5W64BVl1CrEo/8DtgU6DAYADX6yeI5/eDsg==",
      "requires": {
        "@types/trusted-types": "^2.0.2"
      }
    },
    "webwriter-lit": {
      "version": "0.1.25",
      "resolved": "https://registry.npmjs.org/webwriter-lit/-/webwriter-lit-0.1.25.tgz",
      "integrity": "sha512-V+/F4DhNxbaHeHVIHS4c+pD8kdCwFNPwUg8lbJE/AEYrpVeFCiTmDf+zG44YGwB9y1ClmAVrGl+RQYwy2EsTxw==",
      "requires": {
        "lit": "^2.2.8",
        "webwriter-model": "^0.1.25"
      }
    },
    "webwriter-model": {
      "version": "0.1.25",
      "resolved": "https://registry.npmjs.org/webwriter-model/-/webwriter-model-0.1.25.tgz",
      "integrity": "sha512-o0LY12E1P2VXY7KX+OL8+pVInpGu0ePJNLc4vb7whrw0Xu3+ww15dJu816PSMn51fexeZ1BEJjVpA/IjWtMozA=="
    }
  }
}
