{
  "name": "webwriter-lit",
  "version": "0.1.25",
  "lockfileVersion": 2,
  "requires": true,
  "packages": {
    "": {
      "name": "webwriter-lit",
      "version": "0.1.25",
      "license": "MIT",
      "dependencies": {
        "lit": "^2.2.7",
        "webwriter-model": "^0.1.15"
      }
    },
    "node_modules/@lit/reactive-element": {
      "version": "1.3.4",
      "resolved": "https://registry.npmjs.org/@lit/reactive-element/-/reactive-element-1.3.4.tgz",
      "integrity": "sha512-I1wz4uxOA52zSBhKmv4KQWLJpCyvfpnDg+eQR6mjpRgV+Ldi14HLPpSUpJklZRldz0fFmGCC/kVmuc/3cPFqCg=="
    },
    "node_modules/@types/trusted-types": {
      "version": "2.0.2",
      "resolved": "https://registry.npmjs.org/@types/trusted-types/-/trusted-types-2.0.2.tgz",
      "integrity": "sha512-F5DIZ36YVLE+PN+Zwws4kJogq47hNgX3Nx6WyDJ3kcplxyke3XIzB8uK5n/Lpm1HBsbGzd6nmGehL8cPekP+Tg=="
    },
    "node_modules/lit": {
      "version": "2.2.8",
      "resolved": "https://registry.npmjs.org/lit/-/lit-2.2.8.tgz",
      "integrity": "sha512-QjeNbi/H9LVIHR+u0OqsL+hs62a16m02JlJHYN48HcBuXyiPYR8JvzsTp5dYYS81l+b9Emp3UaGo82EheV0pog==",
      "dependencies": {
        "@lit/reactive-element": "^1.3.0",
        "lit-element": "^3.2.0",
        "lit-html": "^2.2.0"
      }
    },
    "node_modules/lit-element": {
      "version": "3.2.2",
      "resolved": "https://registry.npmjs.org/lit-element/-/lit-element-3.2.2.tgz",
      "integrity": "sha512-6ZgxBR9KNroqKb6+htkyBwD90XGRiqKDHVrW/Eh0EZ+l+iC+u+v+w3/BA5NGi4nizAVHGYvQBHUDuSmLjPp7NQ==",
      "dependencies": {
        "@lit/reactive-element": "^1.3.0",
        "lit-html": "^2.2.0"
      }
    },
    "node_modules/lit-html": {
      "version": "2.2.7",
      "resolved": "https://registry.npmjs.org/lit-html/-/lit-html-2.2.7.tgz",
      "integrity": "sha512-JhqiAwO1l03kRe68uBZ0i2x4ef2S5szY9vvP411nlrFZIpKK4/hwnhA/15bqbvxe1lV3ipBdhaOzHmyOk7QIRg==",
      "dependencies": {
        "@types/trusted-types": "^2.0.2"
      }
    },
    "node_modules/webwriter-model": {
      "version": "0.1.17",
      "resolved": "https://registry.npmjs.org/webwriter-model/-/webwriter-model-0.1.17.tgz",
      "integrity": "sha512-t2iTAc+Yll96XzMfRmRMft/f16coBFLnw09juoBc/1ET0F6/emXNiTKLOllS+R9DRXz8x6G6Y/1Lt7711cbAeQ=="
    }
  },
  "dependencies": {
    "@lit/reactive-element": {
      "version": "1.3.4",
      "resolved": "https://registry.npmjs.org/@lit/reactive-element/-/reactive-element-1.3.4.tgz",
      "integrity": "sha512-I1wz4uxOA52zSBhKmv4KQWLJpCyvfpnDg+eQR6mjpRgV+Ldi14HLPpSUpJklZRldz0fFmGCC/kVmuc/3cPFqCg=="
    },
    "@types/trusted-types": {
      "version": "2.0.2",
      "resolved": "https://registry.npmjs.org/@types/trusted-types/-/trusted-types-2.0.2.tgz",
      "integrity": "sha512-F5DIZ36YVLE+PN+Zwws4kJogq47hNgX3Nx6WyDJ3kcplxyke3XIzB8uK5n/Lpm1HBsbGzd6nmGehL8cPekP+Tg=="
    },
    "lit": {
      "version": "2.2.8",
      "resolved": "https://registry.npmjs.org/lit/-/lit-2.2.8.tgz",
      "integrity": "sha512-QjeNbi/H9LVIHR+u0OqsL+hs62a16m02JlJHYN48HcBuXyiPYR8JvzsTp5dYYS81l+b9Emp3UaGo82EheV0pog==",
      "requires": {
        "@lit/reactive-element": "^1.3.0",
        "lit-element": "^3.2.0",
        "lit-html": "^2.2.0"
      }
    },
    "lit-element": {
      "version": "3.2.2",
      "resolved": "https://registry.npmjs.org/lit-element/-/lit-element-3.2.2.tgz",
      "integrity": "sha512-6ZgxBR9KNroqKb6+htkyBwD90XGRiqKDHVrW/Eh0EZ+l+iC+u+v+w3/BA5NGi4nizAVHGYvQBHUDuSmLjPp7NQ==",
      "requires": {
        "@lit/reactive-element": "^1.3.0",
        "lit-html": "^2.2.0"
      }
    },
    "lit-html": {
      "version": "2.2.7",
      "resolved": "https://registry.npmjs.org/lit-html/-/lit-html-2.2.7.tgz",
      "integrity": "sha512-JhqiAwO1l03kRe68uBZ0i2x4ef2S5szY9vvP411nlrFZIpKK4/hwnhA/15bqbvxe1lV3ipBdhaOzHmyOk7QIRg==",
      "requires": {
        "@types/trusted-types": "^2.0.2"
      }
    },
    "webwriter-model": {
      "version": "0.1.17",
      "resolved": "https://registry.npmjs.org/webwriter-model/-/webwriter-model-0.1.17.tgz",
      "integrity": "sha512-t2iTAc+Yll96XzMfRmRMft/f16coBFLnw09juoBc/1ET0F6/emXNiTKLOllS+R9DRXz8x6G6Y/1Lt7711cbAeQ=="
    }
  }
}
